
Microsoft Visual Studio Solution File, Format Version 12.00
# Visual Studio Version 16
VisualStudioVersion = 16.0.29411.108
MinimumVisualStudioVersion = 10.0.40219.1
Project("{FAE04EC0-301F-11D3-BF4B-00C04F79EFBC}") = "DotNetTalk.IbmMqProxy", "DotNetTalk.IbmMqProxy\DotNetTalk.IbmMqProxy.csproj", "{4D302F93-10FB-41AC-9650-F7F5CD3B6306}"
EndProject
Project("{FAE04EC0-301F-11D3-BF4B-00C04F79EFBC}") = "DotNetTalk.IbmMqProxy.Console", "DotNetTalk.IbmMqProxy.Console\DotNetTalk.IbmMqProxy.Console.csproj", "{4614050F-656B-4C3B-AD59-56A62B4A7432}"
EndProject
Global
	GlobalSection(SolutionConfigurationPlatforms) = preSolution
		Debug|Any CPU = Debug|Any CPU
		Release|Any CPU = Release|Any CPU
	EndGlobalSection
	GlobalSection(ProjectConfigurationPlatforms) = postSolution
		{4D302F93-10FB-41AC-9650-F7F5CD3B6306}.Debug|Any CPU.ActiveCfg = Debug|Any CPU
		{4D302F93-10FB-41AC-9650-F7F5CD3B6306}.Debug|Any CPU.Build.0 = Debug|Any CPU
		{4D302F93-10FB-41AC-9650-F7F5CD3B6306}.Release|Any CPU.ActiveCfg = Release|Any CPU
		{4D302F93-10FB-41AC-9650-F7F5CD3B6306}.Release|Any CPU.Build.0 = Release|Any CPU
		{4614050F-656B-4C3B-AD59-56A62B4A7432}.Debug|Any CPU.ActiveCfg = Debug|Any CPU
		{4614050F-656B-4C3B-AD59-56A62B4A7432}.Debug|Any CPU.Build.0 = Debug|Any CPU
		{4614050F-656B-4C3B-AD59-56A62B4A7432}.Release|Any CPU.ActiveCfg = Release|Any CPU
		{4614050F-656B-4C3B-AD59-56A62B4A7432}.Release|Any CPU.Build.0 = Release|Any CPU
	EndGlobalSection
	GlobalSection(SolutionProperties) = preSolution
		HideSolutionNode = FALSE
	EndGlobalSection
	GlobalSection(ExtensibilityGlobals) = postSolution
		SolutionGuid = {8212D0D1-420C-4867-9ABB-6A9648983F3F}
	EndGlobalSection
EndGlobal
